
Microsoft Visual Studio Solution File, Format Version 12.00
# Visual Studio 15
VisualStudioVersion = 15.0.27130.2024
MinimumVisualStudioVersion = 10.0.40219.1
Project("{888888A0-9F3D-457C-B088-3A5042F75D52}") = "Basline", "Basline\Basline.pyproj", "{0FA2930B-8DDB-47E9-8822-FCAA971CD987}"
EndProject
Global
	GlobalSection(SolutionConfigurationPlatforms) = preSolution
		Debug|Any CPU = Debug|Any CPU
		Release|Any CPU = Release|Any CPU
	EndGlobalSection
	GlobalSection(ProjectConfigurationPlatforms) = postSolution
		{0FA2930B-8DDB-47E9-8822-FCAA971CD987}.Debug|Any CPU.ActiveCfg = Debug|Any CPU
		{0FA2930B-8DDB-47E9-8822-FCAA971CD987}.Release|Any CPU.ActiveCfg = Release|Any CPU
	EndGlobalSection
	GlobalSection(SolutionProperties) = preSolution
		HideSolutionNode = FALSE
	EndGlobalSection
	GlobalSection(ExtensibilityGlobals) = postSolution
		SolutionGuid = {B7055F54-408D-4064-946B-9202351DCF51}
	EndGlobalSection
EndGlobal
